{
    "_meta": {
        "hash": {
            "sha256": "fb133d0991b8d3d68c748901d23d493a00a01afa2bf2f7e225f677d7853af386"
        },
        "pipfile-spec": 6,
        "requires": {
            "python_version": "3.8"
        },
        "sources": [
            {
                "name": "pypi",
                "url": "https://pypi.org/simple",
                "verify_ssl": true
            }
        ]
    },
    "default": {
        "dj-database-url": {
            "hashes": [
                "sha256:4aeaeb1f573c74835b0686a2b46b85990571159ffc21aa57ecd4d1e1cb334163",
                "sha256:851785365761ebe4994a921b433062309eb882fedd318e1b0fcecc607ed02da9"
            ],
            "index": "pypi",
            "version": "==0.5.0"
        },
        "gunicorn": {
            "hashes": [
                "sha256:9dcc4547dbb1cb284accfb15ab5667a0e5d1881cc443e0677b4882a4067a807e",
                "sha256:e0a968b5ba15f8a328fdfd7ab1fcb5af4470c28aaf7e55df02a99bc13138e6e8"
            ],
            "index": "pypi",
            "version": "==20.1.0"
        },
        "setuptools": {
            "hashes": [
                "sha256:899d27ec8104a68d4ba813b1afd66708a1a10e9391e79be92c8c60f9c77d05e5",
                "sha256:dedb38ba61844d9df36072dad313cb79426fd50497aaac9c0da4cd50dbeeb110"
            ],
            "markers": "python_version >= '3.6'",
            "version": "==59.0.1"
        }
    },
    "develop": {}
}
